// !$*UTF8*$!
{
    archiveVersion = 1;
    classes = {};
    objectVersion = 46;
    rootObject = __RootObject_;
    objects = {
        __RootObject_ = {
            isa = PBXProject;
            attributes = {LastUpgradeCheck = 9999;};
            buildConfigurationList = ___RootConfs_;
            compatibilityVersion = 'Xcode 3.2';
            developmentRegion = English;
            hasScannedForEncodings = 0;
            knownRegions = (en);
            mainGroup = ___RootGroup_;
            productRefGroup = ____Products_;
            projectDirPath = '';
            projectRoot = '';
            targets = (______Target_Socket, ______Target_swift_pg);
        };
        '__PBXFileRef_Package.swift' = {
            isa = PBXFileReference;
            lastKnownFileType = sourcecode.swift;
            path = 'Package.swift';
            sourceTree = '<group>';
        };
        ___RootGroup_ = {
            isa = PBXGroup;
            children = ('__PBXFileRef_Package.swift', _____Configs_, _____Sources_,  Dependencies_, _______Tests_, ____Products_);
            sourceTree = '<group>';
        };
        _______Group_Socket = {
            isa = PBXGroup;
            name = 'Socket';
            path = 'Packages/Socket-0.10.3/Sources';
            sourceTree = '<group>';
            children = ('__PBXFileRef_Packages/Socket-0.10.3/Sources/Socket.swift', '__PBXFileRef_Packages/Socket-0.10.3/Sources/SocketProtocols.swift', '__PBXFileRef_Packages/Socket-0.10.3/Sources/SocketUtils.swift');
        };
        '__PBXFileRef_Packages/Socket-0.10.3/Sources/Socket.swift' = {
            isa = PBXFileReference;
            lastKnownFileType = sourcecode.swift;
            path = 'Socket.swift';
            sourceTree = '<group>';
        };
        '__PBXFileRef_Packages/Socket-0.10.3/Sources/SocketProtocols.swift' = {
            isa = PBXFileReference;
            lastKnownFileType = sourcecode.swift;
            path = 'SocketProtocols.swift';
            sourceTree = '<group>';
        };
        '__PBXFileRef_Packages/Socket-0.10.3/Sources/SocketUtils.swift' = {
            isa = PBXFileReference;
            lastKnownFileType = sourcecode.swift;
            path = 'SocketUtils.swift';
            sourceTree = '<group>';
        };
        ______Target_Socket = {
            isa = PBXNativeTarget;
            buildConfigurationList = _______Confs_Socket;
            buildPhases = (CompilePhase_Socket, ___LinkPhase_Socket);
            buildRules = ();
            dependencies = ();
            name = 'Socket';
            productName = Socket;
            productReference = _____Product_Socket;
            productType = 'com.apple.product-type.framework';
        };
        _____Product_Socket = {
            isa = PBXFileReference;
            explicitFileType = 'wrapper.framework';
            path = 'Socket.framework';
            sourceTree = BUILT_PRODUCTS_DIR;
        };
        CompilePhase_Socket = {
            isa = PBXSourcesBuildPhase;
            files = ('__src_cc_ref_Packages/Socket-0.10.3/Sources/Socket.swift', '__src_cc_ref_Packages/Socket-0.10.3/Sources/SocketProtocols.swift', '__src_cc_ref_Packages/Socket-0.10.3/Sources/SocketUtils.swift');
            runOnlyForDeploymentPostprocessing = 0;
        };
        '__src_cc_ref_Packages/Socket-0.10.3/Sources/Socket.swift' = {
            isa = PBXBuildFile;
            fileRef = '__PBXFileRef_Packages/Socket-0.10.3/Sources/Socket.swift';
        };
        '__src_cc_ref_Packages/Socket-0.10.3/Sources/SocketProtocols.swift' = {
            isa = PBXBuildFile;
            fileRef = '__PBXFileRef_Packages/Socket-0.10.3/Sources/SocketProtocols.swift';
        };
        '__src_cc_ref_Packages/Socket-0.10.3/Sources/SocketUtils.swift' = {
            isa = PBXBuildFile;
            fileRef = '__PBXFileRef_Packages/Socket-0.10.3/Sources/SocketUtils.swift';
        };
        ___LinkPhase_Socket = {
            isa = PBXFrameworksBuildPhase;
            files = ();
            runOnlyForDeploymentPostprocessing = 0;
        };
        _______Confs_Socket = {
            isa = XCConfigurationList;
            buildConfigurations = (___DebugConf_Socket, _ReleaseConf_Socket);
            defaultConfigurationIsVisible = 0;
            defaultConfigurationName = Debug;
        };
        ___DebugConf_Socket = {
            isa = XCBuildConfiguration;
            buildSettings = { SWIFT_VERSION = '3.0'; LD_RUNPATH_SEARCH_PATHS = '$(TOOLCHAIN_DIR)/usr/lib/swift/macosx'; PRODUCT_MODULE_NAME = '$(TARGET_NAME:c99extidentifier)'; ENABLE_TESTABILITY = 'YES'; OTHER_SWIFT_FLAGS = '$(inherited)'; INFOPLIST_FILE = 'swift-pg.xcodeproj/Socket_Info.plist'; FRAMEWORK_SEARCH_PATHS = '$(PLATFORM_DIR)/Developer/Library/Frameworks'; SWIFT_OPTIMIZATION_LEVEL = '-Onone'; PRODUCT_BUNDLE_IDENTIFIER = 'Socket'; PRODUCT_NAME = '$(TARGET_NAME:c99extidentifier)'; OTHER_LDFLAGS = '$(inherited)'; };
            name = Debug;
        };
        _ReleaseConf_Socket = {
            isa = XCBuildConfiguration;
            buildSettings = { SWIFT_VERSION = '3.0'; LD_RUNPATH_SEARCH_PATHS = '$(TOOLCHAIN_DIR)/usr/lib/swift/macosx'; PRODUCT_MODULE_NAME = '$(TARGET_NAME:c99extidentifier)'; ENABLE_TESTABILITY = 'YES'; OTHER_SWIFT_FLAGS = '$(inherited)'; INFOPLIST_FILE = 'swift-pg.xcodeproj/Socket_Info.plist'; FRAMEWORK_SEARCH_PATHS = '$(PLATFORM_DIR)/Developer/Library/Frameworks'; PRODUCT_BUNDLE_IDENTIFIER = 'Socket'; PRODUCT_NAME = '$(TARGET_NAME:c99extidentifier)'; OTHER_LDFLAGS = '$(inherited)'; };
            name = Release;
        };
        __Dependency_Socket = {
            isa = PBXTargetDependency;
            target = ______Target_Socket;
        };
        _______Group_swift_pg = {
            isa = PBXGroup;
            name = 'swift-pg';
            path = 'Sources';
            sourceTree = '<group>';
            children = ('__PBXFileRef_Sources/BackendMessage.swift', '__PBXFileRef_Sources/ByteBuffer.swift', '__PBXFileRef_Sources/DateUtilities.swift', '__PBXFileRef_Sources/Digest.swift', '__PBXFileRef_Sources/FrontendMessage.swift', '__PBXFileRef_Sources/main.swift', '__PBXFileRef_Sources/NSData+Bytes.swift', '__PBXFileRef_Sources/PGType.swift', '__PBXFileRef_Sources/QueryResult.swift');
        };
        '__PBXFileRef_Sources/BackendMessage.swift' = {
            isa = PBXFileReference;
            lastKnownFileType = sourcecode.swift;
            path = 'BackendMessage.swift';
            sourceTree = '<group>';
        };
        '__PBXFileRef_Sources/ByteBuffer.swift' = {
            isa = PBXFileReference;
            lastKnownFileType = sourcecode.swift;
            path = 'ByteBuffer.swift';
            sourceTree = '<group>';
        };
        '__PBXFileRef_Sources/DateUtilities.swift' = {
            isa = PBXFileReference;
            lastKnownFileType = sourcecode.swift;
            path = 'DateUtilities.swift';
            sourceTree = '<group>';
        };
        '__PBXFileRef_Sources/Digest.swift' = {
            isa = PBXFileReference;
            lastKnownFileType = sourcecode.swift;
            path = 'Digest.swift';
            sourceTree = '<group>';
        };
        '__PBXFileRef_Sources/FrontendMessage.swift' = {
            isa = PBXFileReference;
            lastKnownFileType = sourcecode.swift;
            path = 'FrontendMessage.swift';
            sourceTree = '<group>';
        };
        '__PBXFileRef_Sources/main.swift' = {
            isa = PBXFileReference;
            lastKnownFileType = sourcecode.swift;
            path = 'main.swift';
            sourceTree = '<group>';
        };
        '__PBXFileRef_Sources/NSData+Bytes.swift' = {
            isa = PBXFileReference;
            lastKnownFileType = sourcecode.swift;
            path = 'NSData+Bytes.swift';
            sourceTree = '<group>';
        };
        '__PBXFileRef_Sources/PGType.swift' = {
            isa = PBXFileReference;
            lastKnownFileType = sourcecode.swift;
            path = 'PGType.swift';
            sourceTree = '<group>';
        };
        '__PBXFileRef_Sources/QueryResult.swift' = {
            isa = PBXFileReference;
            lastKnownFileType = sourcecode.swift;
            path = 'QueryResult.swift';
            sourceTree = '<group>';
        };
        ______Target_swift_pg = {
            isa = PBXNativeTarget;
            buildConfigurationList = _______Confs_swift_pg;
            buildPhases = (CompilePhase_swift_pg, ___LinkPhase_swift_pg);
            buildRules = ();
            dependencies = (__Dependency_Socket);
            name = 'swift-pg';
            productName = swift_pg;
            productReference = _____Product_swift_pg;
            productType = 'com.apple.product-type.tool';
        };
        _____Product_swift_pg = {
            isa = PBXFileReference;
            explicitFileType = 'compiled.mach-o.executable';
            path = 'swift-pg';
            sourceTree = BUILT_PRODUCTS_DIR;
        };
        CompilePhase_swift_pg = {
            isa = PBXSourcesBuildPhase;
            files = ('__src_cc_ref_Sources/BackendMessage.swift', '__src_cc_ref_Sources/ByteBuffer.swift', '__src_cc_ref_Sources/DateUtilities.swift', '__src_cc_ref_Sources/Digest.swift', '__src_cc_ref_Sources/FrontendMessage.swift', '__src_cc_ref_Sources/main.swift', '__src_cc_ref_Sources/NSData+Bytes.swift', '__src_cc_ref_Sources/PGType.swift', '__src_cc_ref_Sources/QueryResult.swift');
            runOnlyForDeploymentPostprocessing = 0;
        };
        '__src_cc_ref_Sources/BackendMessage.swift' = {
            isa = PBXBuildFile;
            fileRef = '__PBXFileRef_Sources/BackendMessage.swift';
        };
        '__src_cc_ref_Sources/ByteBuffer.swift' = {
            isa = PBXBuildFile;
            fileRef = '__PBXFileRef_Sources/ByteBuffer.swift';
        };
        '__src_cc_ref_Sources/DateUtilities.swift' = {
            isa = PBXBuildFile;
            fileRef = '__PBXFileRef_Sources/DateUtilities.swift';
        };
        '__src_cc_ref_Sources/Digest.swift' = {
            isa = PBXBuildFile;
            fileRef = '__PBXFileRef_Sources/Digest.swift';
        };
        '__src_cc_ref_Sources/FrontendMessage.swift' = {
            isa = PBXBuildFile;
            fileRef = '__PBXFileRef_Sources/FrontendMessage.swift';
        };
        '__src_cc_ref_Sources/main.swift' = {
            isa = PBXBuildFile;
            fileRef = '__PBXFileRef_Sources/main.swift';
        };
        '__src_cc_ref_Sources/NSData+Bytes.swift' = {
            isa = PBXBuildFile;
            fileRef = '__PBXFileRef_Sources/NSData+Bytes.swift';
        };
        '__src_cc_ref_Sources/PGType.swift' = {
            isa = PBXBuildFile;
            fileRef = '__PBXFileRef_Sources/PGType.swift';
        };
        '__src_cc_ref_Sources/QueryResult.swift' = {
            isa = PBXBuildFile;
            fileRef = '__PBXFileRef_Sources/QueryResult.swift';
        };
        ___LinkPhase_swift_pg = {
            isa = PBXFrameworksBuildPhase;
            files = (_LinkFileRef_Socket_via_swift_pg);
            runOnlyForDeploymentPostprocessing = 0;
        };
        _LinkFileRef_Socket_via_swift_pg = {
            isa = PBXBuildFile;
            fileRef = _____Product_Socket;
        };
        _______Confs_swift_pg = {
            isa = XCConfigurationList;
            buildConfigurations = (___DebugConf_swift_pg, _ReleaseConf_swift_pg);
            defaultConfigurationIsVisible = 0;
            defaultConfigurationName = Debug;
        };
        ___DebugConf_swift_pg = {
            isa = XCBuildConfiguration;
            buildSettings = { LD_RUNPATH_SEARCH_PATHS = '$(TOOLCHAIN_DIR)/usr/lib/swift/macosx @executable_path'; FRAMEWORK_SEARCH_PATHS = '$(PLATFORM_DIR)/Developer/Library/Frameworks'; OTHER_SWIFT_FLAGS = '$(inherited)'; SWIFT_FORCE_STATIC_LINK_STDLIB = 'NO'; SWIFT_FORCE_DYNAMIC_LINK_STDLIB = 'YES'; SWIFT_OPTIMIZATION_LEVEL = '-Onone'; OTHER_LDFLAGS = '$(inherited)'; SWIFT_VERSION = '3.0'; };
            name = Debug;
        };
        _ReleaseConf_swift_pg = {
            isa = XCBuildConfiguration;
            buildSettings = { LD_RUNPATH_SEARCH_PATHS = '$(TOOLCHAIN_DIR)/usr/lib/swift/macosx @executable_path'; FRAMEWORK_SEARCH_PATHS = '$(PLATFORM_DIR)/Developer/Library/Frameworks'; OTHER_SWIFT_FLAGS = '$(inherited)'; SWIFT_FORCE_STATIC_LINK_STDLIB = 'NO'; SWIFT_FORCE_DYNAMIC_LINK_STDLIB = 'YES'; OTHER_LDFLAGS = '$(inherited)'; SWIFT_VERSION = '3.0'; };
            name = Release;
        };
        __Dependency_swift_pg = {
            isa = PBXTargetDependency;
            target = ______Target_swift_pg;
        };
        '__PBXFileRef_swift-pg.xcodeproj/Configs/Project.xcconfig' = {
            isa = PBXFileReference;
            lastKnownFileType = text.xcconfig;
            path = 'swift-pg.xcodeproj/Configs/Project.xcconfig';
            sourceTree = '<group>';
        };
        _____Configs_ = {
            isa = PBXGroup;
            children = ('__PBXFileRef_swift-pg.xcodeproj/Configs/Project.xcconfig');
            name = Configs;
            sourceTree = '<group>';
        };
        _____Sources_ = {
            isa = PBXGroup;
            children = (_______Group_Socket, _______Group_swift_pg);
            name = Sources;
            sourceTree = '<group>';
        };
        Dependencies_ = {
            isa = PBXGroup;
            children = (_______Group_Socket);
            name = Dependencies;
            sourceTree = '<group>';
        };
        ____Products_ = {
            isa = PBXGroup;
            children = (_____Product_Socket, _____Product_swift_pg);
            name = Products;
            sourceTree = '<group>';
        };
        _______Debug_ = {
            isa = XCBuildConfiguration;
            baseConfigurationReference = '__PBXFileRef_swift-pg.xcodeproj/Configs/Project.xcconfig';
            buildSettings = {};
            name = Debug;
        };
        _____Release_ = {
            isa = XCBuildConfiguration;
            baseConfigurationReference = '__PBXFileRef_swift-pg.xcodeproj/Configs/Project.xcconfig';
            buildSettings = {};
            name = Release;
        };
        ___RootConfs_ = {
            isa = XCConfigurationList;
            buildConfigurations = (_______Debug_, _____Release_);
            defaultConfigurationIsVisible = 0;
            defaultConfigurationName = Debug;
        };
    };
}
