// !$*UTF8*$!
{
    archiveVersion = 1;
    classes = {};
    objectVersion = 46;
    rootObject = __RootObject_;
    objects = {
        __RootObject_ = {
            isa = PBXProject;
            attributes = {LastUpgradeCheck = 9999;};
            buildConfigurationList = ___RootConfs_;
            compatibilityVersion = 'Xcode 3.2';
            developmentRegion = English;
            hasScannedForEncodings = 0;
            knownRegions = (en);
            mainGroup = ___RootGroup_;
            productRefGroup = ____Products_;
            projectDirPath = '';
            projectRoot = '';
            targets = (______Target_Socket, ______Target_CryptoEssentials, ______Target_MD5, ______Target_swift_pg);
        };
        '__PBXFileRef_Package.swift' = {
            isa = PBXFileReference;
            lastKnownFileType = sourcecode.swift;
            name = 'Package.swift';
            path = 'Package.swift';
            sourceTree = '<group>';
        };
        ___RootGroup_ = {
            isa = PBXGroup;
            children = ('__PBXFileRef_Package.swift', _____Configs_, _____Sources_, Dependencies_, _______Tests_, ____Products_);
            sourceTree = '<group>';
        };
        __PBXFileRef_Socket_Info.plist = {
            isa = PBXFileReference;
            lastKnownFileType = text.plist.xml;
            name = 'Socket_Info.plist';
            path = 'swift-pg.xcodeproj/Socket_Info.plist';
            sourceTree = SOURCE_ROOT;
        };
        _______Group_Socket = {
            isa = PBXGroup;
            name = Socket;
            path = 'Packages/Socket-0.5.20/Sources';
            sourceTree = '<group>';
            children = ('__PBXFileRef_Packages/Socket-0.5.20/Sources/Socket.swift', '__PBXFileRef_Packages/Socket-0.5.20/Sources/SocketProtocols.swift', '__PBXFileRef_Packages/Socket-0.5.20/Sources/SocketUtils.swift', __PBXFileRef_Socket_Info.plist);
        };
        '__PBXFileRef_Packages/Socket-0.5.20/Sources/Socket.swift' = {
            isa = PBXFileReference;
            lastKnownFileType = sourcecode.swift;
            name = 'Socket.swift';
            sourceTree = '<group>';
        };
        '__PBXFileRef_Packages/Socket-0.5.20/Sources/SocketProtocols.swift' = {
            isa = PBXFileReference;
            lastKnownFileType = sourcecode.swift;
            name = 'SocketProtocols.swift';
            sourceTree = '<group>';
        };
        '__PBXFileRef_Packages/Socket-0.5.20/Sources/SocketUtils.swift' = {
            isa = PBXFileReference;
            lastKnownFileType = sourcecode.swift;
            name = 'SocketUtils.swift';
            sourceTree = '<group>';
        };
        ______Target_Socket = {
            isa = PBXNativeTarget;
            buildConfigurationList = _______Confs_Socket;
            buildPhases = (CompilePhase_Socket, ___LinkPhase_Socket);
            buildRules = ();
            dependencies = ();
            name = Socket;
            productName = Socket;
            productReference = _____Product_Socket;
            productType = 'com.apple.product-type.framework';
        };
        _____Product_Socket = {
            isa = PBXFileReference;
            explicitFileType = 'wrapper.framework';
            path = 'Socket.framework';
            sourceTree = BUILT_PRODUCTS_DIR;
        };
        CompilePhase_Socket = {
            isa = PBXSourcesBuildPhase;
            files = ('__src_cc_ref_Packages/Socket-0.5.20/Sources/Socket.swift', '__src_cc_ref_Packages/Socket-0.5.20/Sources/SocketProtocols.swift', '__src_cc_ref_Packages/Socket-0.5.20/Sources/SocketUtils.swift');
            runOnlyForDeploymentPostprocessing = 0;
        };
        '__src_cc_ref_Packages/Socket-0.5.20/Sources/Socket.swift' = {
            isa = PBXBuildFile;
            fileRef = '__PBXFileRef_Packages/Socket-0.5.20/Sources/Socket.swift';
        };
        '__src_cc_ref_Packages/Socket-0.5.20/Sources/SocketProtocols.swift' = {
            isa = PBXBuildFile;
            fileRef = '__PBXFileRef_Packages/Socket-0.5.20/Sources/SocketProtocols.swift';
        };
        '__src_cc_ref_Packages/Socket-0.5.20/Sources/SocketUtils.swift' = {
            isa = PBXBuildFile;
            fileRef = '__PBXFileRef_Packages/Socket-0.5.20/Sources/SocketUtils.swift';
        };
        ___LinkPhase_Socket = {
            isa = PBXFrameworksBuildPhase;
            files = ();
            runOnlyForDeploymentPostprocessing = 0;
        };
        _______Confs_Socket = {
            isa = XCConfigurationList;
            buildConfigurations = (___DebugConf_Socket, _ReleaseConf_Socket);
            defaultConfigurationIsVisible = 0;
            defaultConfigurationName = Debug;
        };
        ___DebugConf_Socket = {
            isa = XCBuildConfiguration;
            buildSettings = { LD_RUNPATH_SEARCH_PATHS = '$(TOOLCHAIN_DIR)/usr/lib/swift/macosx'; PRODUCT_MODULE_NAME = '$(TARGET_NAME:c99extidentifier)'; ENABLE_TESTABILITY = 'YES'; OTHER_SWIFT_FLAGS = '$(inherited)'; INFOPLIST_FILE = 'swift-pg.xcodeproj/Socket_Info.plist'; FRAMEWORK_SEARCH_PATHS = '$(PLATFORM_DIR)/Developer/Library/Frameworks'; SWIFT_OPTIMIZATION_LEVEL = '-Onone'; OTHER_LDFLAGS = '$(inherited)'; PRODUCT_NAME = '$(TARGET_NAME:c99extidentifier)'; };
            name = Debug;
        };
        _ReleaseConf_Socket = {
            isa = XCBuildConfiguration;
            buildSettings = { LD_RUNPATH_SEARCH_PATHS = '$(TOOLCHAIN_DIR)/usr/lib/swift/macosx'; PRODUCT_MODULE_NAME = '$(TARGET_NAME:c99extidentifier)'; ENABLE_TESTABILITY = 'YES'; OTHER_SWIFT_FLAGS = '$(inherited)'; INFOPLIST_FILE = 'swift-pg.xcodeproj/Socket_Info.plist'; FRAMEWORK_SEARCH_PATHS = '$(PLATFORM_DIR)/Developer/Library/Frameworks'; OTHER_LDFLAGS = '$(inherited)'; PRODUCT_NAME = '$(TARGET_NAME:c99extidentifier)'; };
            name = Release;
        };
        __Dependency_Socket = {
            isa = PBXTargetDependency;
            target = ______Target_Socket;
        };
        __PBXFileRef_CryptoEssentials_Info.plist = {
            isa = PBXFileReference;
            lastKnownFileType = text.plist.xml;
            name = 'CryptoEssentials_Info.plist';
            path = 'swift-pg.xcodeproj/CryptoEssentials_Info.plist';
            sourceTree = SOURCE_ROOT;
        };
        _______Group_CryptoEssentials = {
            isa = PBXGroup;
            name = CryptoEssentials;
            path = 'Packages/CryptoEssentials-0.7.3/Sources';
            sourceTree = '<group>';
            children = ('__PBXFileRef_Packages/CryptoEssentials-0.7.3/Sources/ArrayProtocol.swift', '__PBXFileRef_Packages/CryptoEssentials-0.7.3/Sources/Base64.swift', '__PBXFileRef_Packages/CryptoEssentials-0.7.3/Sources/BlockMode.swift', '__PBXFileRef_Packages/CryptoEssentials-0.7.3/Sources/BytesSequence.swift', '__PBXFileRef_Packages/CryptoEssentials-0.7.3/Sources/Cipher.swift', '__PBXFileRef_Packages/CryptoEssentials-0.7.3/Sources/Compatibility.swift', '__PBXFileRef_Packages/CryptoEssentials-0.7.3/Sources/Generics.swift', '__PBXFileRef_Packages/CryptoEssentials-0.7.3/Sources/HashProtocol.swift', '__PBXFileRef_Packages/CryptoEssentials-0.7.3/Sources/IntegerConvertible.swift', '__PBXFileRef_Packages/CryptoEssentials-0.7.3/Sources/IntExtension.swift', '__PBXFileRef_Packages/CryptoEssentials-0.7.3/Sources/NSData+Extensions.swift', '__PBXFileRef_Packages/CryptoEssentials-0.7.3/Sources/Operators.swift', '__PBXFileRef_Packages/CryptoEssentials-0.7.3/Sources/Padding.swift', '__PBXFileRef_Packages/CryptoEssentials-0.7.3/Sources/SecureBytes.swift', '__PBXFileRef_Packages/CryptoEssentials-0.7.3/Sources/Utils.swift', __PBXFileRef_CryptoEssentials_Info.plist);
        };
        '__PBXFileRef_Packages/CryptoEssentials-0.7.3/Sources/ArrayProtocol.swift' = {
            isa = PBXFileReference;
            lastKnownFileType = sourcecode.swift;
            name = 'ArrayProtocol.swift';
            sourceTree = '<group>';
        };
        '__PBXFileRef_Packages/CryptoEssentials-0.7.3/Sources/Base64.swift' = {
            isa = PBXFileReference;
            lastKnownFileType = sourcecode.swift;
            name = 'Base64.swift';
            sourceTree = '<group>';
        };
        '__PBXFileRef_Packages/CryptoEssentials-0.7.3/Sources/BlockMode.swift' = {
            isa = PBXFileReference;
            lastKnownFileType = sourcecode.swift;
            name = 'BlockMode.swift';
            sourceTree = '<group>';
        };
        '__PBXFileRef_Packages/CryptoEssentials-0.7.3/Sources/BytesSequence.swift' = {
            isa = PBXFileReference;
            lastKnownFileType = sourcecode.swift;
            name = 'BytesSequence.swift';
            sourceTree = '<group>';
        };
        '__PBXFileRef_Packages/CryptoEssentials-0.7.3/Sources/Cipher.swift' = {
            isa = PBXFileReference;
            lastKnownFileType = sourcecode.swift;
            name = 'Cipher.swift';
            sourceTree = '<group>';
        };
        '__PBXFileRef_Packages/CryptoEssentials-0.7.3/Sources/Compatibility.swift' = {
            isa = PBXFileReference;
            lastKnownFileType = sourcecode.swift;
            name = 'Compatibility.swift';
            sourceTree = '<group>';
        };
        '__PBXFileRef_Packages/CryptoEssentials-0.7.3/Sources/Generics.swift' = {
            isa = PBXFileReference;
            lastKnownFileType = sourcecode.swift;
            name = 'Generics.swift';
            sourceTree = '<group>';
        };
        '__PBXFileRef_Packages/CryptoEssentials-0.7.3/Sources/HashProtocol.swift' = {
            isa = PBXFileReference;
            lastKnownFileType = sourcecode.swift;
            name = 'HashProtocol.swift';
            sourceTree = '<group>';
        };
        '__PBXFileRef_Packages/CryptoEssentials-0.7.3/Sources/IntegerConvertible.swift' = {
            isa = PBXFileReference;
            lastKnownFileType = sourcecode.swift;
            name = 'IntegerConvertible.swift';
            sourceTree = '<group>';
        };
        '__PBXFileRef_Packages/CryptoEssentials-0.7.3/Sources/IntExtension.swift' = {
            isa = PBXFileReference;
            lastKnownFileType = sourcecode.swift;
            name = 'IntExtension.swift';
            sourceTree = '<group>';
        };
        '__PBXFileRef_Packages/CryptoEssentials-0.7.3/Sources/NSData+Extensions.swift' = {
            isa = PBXFileReference;
            lastKnownFileType = sourcecode.swift;
            name = 'NSData+Extensions.swift';
            sourceTree = '<group>';
        };
        '__PBXFileRef_Packages/CryptoEssentials-0.7.3/Sources/Operators.swift' = {
            isa = PBXFileReference;
            lastKnownFileType = sourcecode.swift;
            name = 'Operators.swift';
            sourceTree = '<group>';
        };
        '__PBXFileRef_Packages/CryptoEssentials-0.7.3/Sources/Padding.swift' = {
            isa = PBXFileReference;
            lastKnownFileType = sourcecode.swift;
            name = 'Padding.swift';
            sourceTree = '<group>';
        };
        '__PBXFileRef_Packages/CryptoEssentials-0.7.3/Sources/SecureBytes.swift' = {
            isa = PBXFileReference;
            lastKnownFileType = sourcecode.swift;
            name = 'SecureBytes.swift';
            sourceTree = '<group>';
        };
        '__PBXFileRef_Packages/CryptoEssentials-0.7.3/Sources/Utils.swift' = {
            isa = PBXFileReference;
            lastKnownFileType = sourcecode.swift;
            name = 'Utils.swift';
            sourceTree = '<group>';
        };
        ______Target_CryptoEssentials = {
            isa = PBXNativeTarget;
            buildConfigurationList = _______Confs_CryptoEssentials;
            buildPhases = (CompilePhase_CryptoEssentials, ___LinkPhase_CryptoEssentials);
            buildRules = ();
            dependencies = ();
            name = CryptoEssentials;
            productName = CryptoEssentials;
            productReference = _____Product_CryptoEssentials;
            productType = 'com.apple.product-type.framework';
        };
        _____Product_CryptoEssentials = {
            isa = PBXFileReference;
            explicitFileType = 'wrapper.framework';
            path = 'CryptoEssentials.framework';
            sourceTree = BUILT_PRODUCTS_DIR;
        };
        CompilePhase_CryptoEssentials = {
            isa = PBXSourcesBuildPhase;
            files = ('__src_cc_ref_Packages/CryptoEssentials-0.7.3/Sources/ArrayProtocol.swift', '__src_cc_ref_Packages/CryptoEssentials-0.7.3/Sources/Base64.swift', '__src_cc_ref_Packages/CryptoEssentials-0.7.3/Sources/BlockMode.swift', '__src_cc_ref_Packages/CryptoEssentials-0.7.3/Sources/BytesSequence.swift', '__src_cc_ref_Packages/CryptoEssentials-0.7.3/Sources/Cipher.swift', '__src_cc_ref_Packages/CryptoEssentials-0.7.3/Sources/Compatibility.swift', '__src_cc_ref_Packages/CryptoEssentials-0.7.3/Sources/Generics.swift', '__src_cc_ref_Packages/CryptoEssentials-0.7.3/Sources/HashProtocol.swift', '__src_cc_ref_Packages/CryptoEssentials-0.7.3/Sources/IntegerConvertible.swift', '__src_cc_ref_Packages/CryptoEssentials-0.7.3/Sources/IntExtension.swift', '__src_cc_ref_Packages/CryptoEssentials-0.7.3/Sources/NSData+Extensions.swift', '__src_cc_ref_Packages/CryptoEssentials-0.7.3/Sources/Operators.swift', '__src_cc_ref_Packages/CryptoEssentials-0.7.3/Sources/Padding.swift', '__src_cc_ref_Packages/CryptoEssentials-0.7.3/Sources/SecureBytes.swift', '__src_cc_ref_Packages/CryptoEssentials-0.7.3/Sources/Utils.swift');
            runOnlyForDeploymentPostprocessing = 0;
        };
        '__src_cc_ref_Packages/CryptoEssentials-0.7.3/Sources/ArrayProtocol.swift' = {
            isa = PBXBuildFile;
            fileRef = '__PBXFileRef_Packages/CryptoEssentials-0.7.3/Sources/ArrayProtocol.swift';
        };
        '__src_cc_ref_Packages/CryptoEssentials-0.7.3/Sources/Base64.swift' = {
            isa = PBXBuildFile;
            fileRef = '__PBXFileRef_Packages/CryptoEssentials-0.7.3/Sources/Base64.swift';
        };
        '__src_cc_ref_Packages/CryptoEssentials-0.7.3/Sources/BlockMode.swift' = {
            isa = PBXBuildFile;
            fileRef = '__PBXFileRef_Packages/CryptoEssentials-0.7.3/Sources/BlockMode.swift';
        };
        '__src_cc_ref_Packages/CryptoEssentials-0.7.3/Sources/BytesSequence.swift' = {
            isa = PBXBuildFile;
            fileRef = '__PBXFileRef_Packages/CryptoEssentials-0.7.3/Sources/BytesSequence.swift';
        };
        '__src_cc_ref_Packages/CryptoEssentials-0.7.3/Sources/Cipher.swift' = {
            isa = PBXBuildFile;
            fileRef = '__PBXFileRef_Packages/CryptoEssentials-0.7.3/Sources/Cipher.swift';
        };
        '__src_cc_ref_Packages/CryptoEssentials-0.7.3/Sources/Compatibility.swift' = {
            isa = PBXBuildFile;
            fileRef = '__PBXFileRef_Packages/CryptoEssentials-0.7.3/Sources/Compatibility.swift';
        };
        '__src_cc_ref_Packages/CryptoEssentials-0.7.3/Sources/Generics.swift' = {
            isa = PBXBuildFile;
            fileRef = '__PBXFileRef_Packages/CryptoEssentials-0.7.3/Sources/Generics.swift';
        };
        '__src_cc_ref_Packages/CryptoEssentials-0.7.3/Sources/HashProtocol.swift' = {
            isa = PBXBuildFile;
            fileRef = '__PBXFileRef_Packages/CryptoEssentials-0.7.3/Sources/HashProtocol.swift';
        };
        '__src_cc_ref_Packages/CryptoEssentials-0.7.3/Sources/IntegerConvertible.swift' = {
            isa = PBXBuildFile;
            fileRef = '__PBXFileRef_Packages/CryptoEssentials-0.7.3/Sources/IntegerConvertible.swift';
        };
        '__src_cc_ref_Packages/CryptoEssentials-0.7.3/Sources/IntExtension.swift' = {
            isa = PBXBuildFile;
            fileRef = '__PBXFileRef_Packages/CryptoEssentials-0.7.3/Sources/IntExtension.swift';
        };
        '__src_cc_ref_Packages/CryptoEssentials-0.7.3/Sources/NSData+Extensions.swift' = {
            isa = PBXBuildFile;
            fileRef = '__PBXFileRef_Packages/CryptoEssentials-0.7.3/Sources/NSData+Extensions.swift';
        };
        '__src_cc_ref_Packages/CryptoEssentials-0.7.3/Sources/Operators.swift' = {
            isa = PBXBuildFile;
            fileRef = '__PBXFileRef_Packages/CryptoEssentials-0.7.3/Sources/Operators.swift';
        };
        '__src_cc_ref_Packages/CryptoEssentials-0.7.3/Sources/Padding.swift' = {
            isa = PBXBuildFile;
            fileRef = '__PBXFileRef_Packages/CryptoEssentials-0.7.3/Sources/Padding.swift';
        };
        '__src_cc_ref_Packages/CryptoEssentials-0.7.3/Sources/SecureBytes.swift' = {
            isa = PBXBuildFile;
            fileRef = '__PBXFileRef_Packages/CryptoEssentials-0.7.3/Sources/SecureBytes.swift';
        };
        '__src_cc_ref_Packages/CryptoEssentials-0.7.3/Sources/Utils.swift' = {
            isa = PBXBuildFile;
            fileRef = '__PBXFileRef_Packages/CryptoEssentials-0.7.3/Sources/Utils.swift';
        };
        ___LinkPhase_CryptoEssentials = {
            isa = PBXFrameworksBuildPhase;
            files = ();
            runOnlyForDeploymentPostprocessing = 0;
        };
        _______Confs_CryptoEssentials = {
            isa = XCConfigurationList;
            buildConfigurations = (___DebugConf_CryptoEssentials, _ReleaseConf_CryptoEssentials);
            defaultConfigurationIsVisible = 0;
            defaultConfigurationName = Debug;
        };
        ___DebugConf_CryptoEssentials = {
            isa = XCBuildConfiguration;
            buildSettings = { LD_RUNPATH_SEARCH_PATHS = '$(TOOLCHAIN_DIR)/usr/lib/swift/macosx'; PRODUCT_MODULE_NAME = '$(TARGET_NAME:c99extidentifier)'; ENABLE_TESTABILITY = 'YES'; OTHER_SWIFT_FLAGS = '$(inherited)'; INFOPLIST_FILE = 'swift-pg.xcodeproj/CryptoEssentials_Info.plist'; FRAMEWORK_SEARCH_PATHS = '$(PLATFORM_DIR)/Developer/Library/Frameworks'; SWIFT_OPTIMIZATION_LEVEL = '-Onone'; OTHER_LDFLAGS = '$(inherited)'; PRODUCT_NAME = '$(TARGET_NAME:c99extidentifier)'; };
            name = Debug;
        };
        _ReleaseConf_CryptoEssentials = {
            isa = XCBuildConfiguration;
            buildSettings = { LD_RUNPATH_SEARCH_PATHS = '$(TOOLCHAIN_DIR)/usr/lib/swift/macosx'; PRODUCT_MODULE_NAME = '$(TARGET_NAME:c99extidentifier)'; ENABLE_TESTABILITY = 'YES'; OTHER_SWIFT_FLAGS = '$(inherited)'; INFOPLIST_FILE = 'swift-pg.xcodeproj/CryptoEssentials_Info.plist'; FRAMEWORK_SEARCH_PATHS = '$(PLATFORM_DIR)/Developer/Library/Frameworks'; OTHER_LDFLAGS = '$(inherited)'; PRODUCT_NAME = '$(TARGET_NAME:c99extidentifier)'; };
            name = Release;
        };
        __Dependency_CryptoEssentials = {
            isa = PBXTargetDependency;
            target = ______Target_CryptoEssentials;
        };
        __PBXFileRef_MD5_Info.plist = {
            isa = PBXFileReference;
            lastKnownFileType = text.plist.xml;
            name = 'MD5_Info.plist';
            path = 'swift-pg.xcodeproj/MD5_Info.plist';
            sourceTree = SOURCE_ROOT;
        };
        _______Group_MD5 = {
            isa = PBXGroup;
            name = MD5;
            path = 'Packages/MD5-0.7.2/Sources';
            sourceTree = '<group>';
            children = ('__PBXFileRef_Packages/MD5-0.7.2/Sources/MD5.swift', __PBXFileRef_MD5_Info.plist);
        };
        '__PBXFileRef_Packages/MD5-0.7.2/Sources/MD5.swift' = {
            isa = PBXFileReference;
            lastKnownFileType = sourcecode.swift;
            name = 'MD5.swift';
            sourceTree = '<group>';
        };
        ______Target_MD5 = {
            isa = PBXNativeTarget;
            buildConfigurationList = _______Confs_MD5;
            buildPhases = (CompilePhase_MD5, ___LinkPhase_MD5);
            buildRules = ();
            dependencies = (__Dependency_CryptoEssentials);
            name = MD5;
            productName = MD5;
            productReference = _____Product_MD5;
            productType = 'com.apple.product-type.framework';
        };
        _____Product_MD5 = {
            isa = PBXFileReference;
            explicitFileType = 'wrapper.framework';
            path = 'MD5.framework';
            sourceTree = BUILT_PRODUCTS_DIR;
        };
        CompilePhase_MD5 = {
            isa = PBXSourcesBuildPhase;
            files = ('__src_cc_ref_Packages/MD5-0.7.2/Sources/MD5.swift');
            runOnlyForDeploymentPostprocessing = 0;
        };
        '__src_cc_ref_Packages/MD5-0.7.2/Sources/MD5.swift' = {
            isa = PBXBuildFile;
            fileRef = '__PBXFileRef_Packages/MD5-0.7.2/Sources/MD5.swift';
        };
        ___LinkPhase_MD5 = {
            isa = PBXFrameworksBuildPhase;
            files = (_LinkFileRef_CryptoEssentials_via_MD5);
            runOnlyForDeploymentPostprocessing = 0;
        };
        _LinkFileRef_CryptoEssentials_via_MD5 = {
            isa = PBXBuildFile;
            fileRef = _____Product_CryptoEssentials;
        };
        _______Confs_MD5 = {
            isa = XCConfigurationList;
            buildConfigurations = (___DebugConf_MD5, _ReleaseConf_MD5);
            defaultConfigurationIsVisible = 0;
            defaultConfigurationName = Debug;
        };
        ___DebugConf_MD5 = {
            isa = XCBuildConfiguration;
            buildSettings = { LD_RUNPATH_SEARCH_PATHS = '$(TOOLCHAIN_DIR)/usr/lib/swift/macosx'; PRODUCT_MODULE_NAME = '$(TARGET_NAME:c99extidentifier)'; ENABLE_TESTABILITY = 'YES'; OTHER_SWIFT_FLAGS = '$(inherited)'; INFOPLIST_FILE = 'swift-pg.xcodeproj/MD5_Info.plist'; FRAMEWORK_SEARCH_PATHS = '$(PLATFORM_DIR)/Developer/Library/Frameworks'; SWIFT_OPTIMIZATION_LEVEL = '-Onone'; OTHER_LDFLAGS = '$(inherited)'; PRODUCT_NAME = '$(TARGET_NAME:c99extidentifier)'; };
            name = Debug;
        };
        _ReleaseConf_MD5 = {
            isa = XCBuildConfiguration;
            buildSettings = { LD_RUNPATH_SEARCH_PATHS = '$(TOOLCHAIN_DIR)/usr/lib/swift/macosx'; PRODUCT_MODULE_NAME = '$(TARGET_NAME:c99extidentifier)'; ENABLE_TESTABILITY = 'YES'; OTHER_SWIFT_FLAGS = '$(inherited)'; INFOPLIST_FILE = 'swift-pg.xcodeproj/MD5_Info.plist'; FRAMEWORK_SEARCH_PATHS = '$(PLATFORM_DIR)/Developer/Library/Frameworks'; OTHER_LDFLAGS = '$(inherited)'; PRODUCT_NAME = '$(TARGET_NAME:c99extidentifier)'; };
            name = Release;
        };
        __Dependency_MD5 = {
            isa = PBXTargetDependency;
            target = ______Target_MD5;
        };
        _______Group_swift_pg = {
            isa = PBXGroup;
            name = swift-pg;
            path = 'Sources';
            sourceTree = '<group>';
            children = ('__PBXFileRef_Sources/BackendMessage.swift', '__PBXFileRef_Sources/ByteBuffer.swift', '__PBXFileRef_Sources/Digest.swift', '__PBXFileRef_Sources/FrontendMessage.swift', '__PBXFileRef_Sources/main.swift', '__PBXFileRef_Sources/NSData+Bytes.swift', '__PBXFileRef_Sources/PGType.swift', '__PBXFileRef_Sources/QueryResult.swift');
        };
        '__PBXFileRef_Sources/BackendMessage.swift' = {
            isa = PBXFileReference;
            lastKnownFileType = sourcecode.swift;
            name = 'BackendMessage.swift';
            sourceTree = '<group>';
        };
        '__PBXFileRef_Sources/ByteBuffer.swift' = {
            isa = PBXFileReference;
            lastKnownFileType = sourcecode.swift;
            name = 'ByteBuffer.swift';
            sourceTree = '<group>';
        };
        '__PBXFileRef_Sources/Digest.swift' = {
            isa = PBXFileReference;
            lastKnownFileType = sourcecode.swift;
            name = 'Digest.swift';
            sourceTree = '<group>';
        };
        '__PBXFileRef_Sources/FrontendMessage.swift' = {
            isa = PBXFileReference;
            lastKnownFileType = sourcecode.swift;
            name = 'FrontendMessage.swift';
            sourceTree = '<group>';
        };
        '__PBXFileRef_Sources/main.swift' = {
            isa = PBXFileReference;
            lastKnownFileType = sourcecode.swift;
            name = 'main.swift';
            sourceTree = '<group>';
        };
        '__PBXFileRef_Sources/NSData+Bytes.swift' = {
            isa = PBXFileReference;
            lastKnownFileType = sourcecode.swift;
            name = 'NSData+Bytes.swift';
            sourceTree = '<group>';
        };
        '__PBXFileRef_Sources/PGType.swift' = {
            isa = PBXFileReference;
            lastKnownFileType = sourcecode.swift;
            name = 'PGType.swift';
            sourceTree = '<group>';
        };
        '__PBXFileRef_Sources/QueryResult.swift' = {
            isa = PBXFileReference;
            lastKnownFileType = sourcecode.swift;
            name = 'QueryResult.swift';
            sourceTree = '<group>';
        };
        ______Target_swift_pg = {
            isa = PBXNativeTarget;
            buildConfigurationList = _______Confs_swift_pg;
            buildPhases = (CompilePhase_swift_pg, ___LinkPhase_swift_pg);
            buildRules = ();
            dependencies = (__Dependency_CryptoEssentials, __Dependency_MD5, __Dependency_Socket);
            name = swift-pg;
            productName = swift_pg;
            productReference = _____Product_swift_pg;
            productType = 'com.apple.product-type.tool';
        };
        _____Product_swift_pg = {
            isa = PBXFileReference;
            explicitFileType = 'compiled.mach-o.executable';
            path = 'swift-pg';
            sourceTree = BUILT_PRODUCTS_DIR;
        };
        CompilePhase_swift_pg = {
            isa = PBXSourcesBuildPhase;
            files = ('__src_cc_ref_Sources/BackendMessage.swift', '__src_cc_ref_Sources/ByteBuffer.swift', '__src_cc_ref_Sources/Digest.swift', '__src_cc_ref_Sources/FrontendMessage.swift', '__src_cc_ref_Sources/main.swift', '__src_cc_ref_Sources/NSData+Bytes.swift', '__src_cc_ref_Sources/PGType.swift', '__src_cc_ref_Sources/QueryResult.swift');
            runOnlyForDeploymentPostprocessing = 0;
        };
        '__src_cc_ref_Sources/BackendMessage.swift' = {
            isa = PBXBuildFile;
            fileRef = '__PBXFileRef_Sources/BackendMessage.swift';
        };
        '__src_cc_ref_Sources/ByteBuffer.swift' = {
            isa = PBXBuildFile;
            fileRef = '__PBXFileRef_Sources/ByteBuffer.swift';
        };
        '__src_cc_ref_Sources/Digest.swift' = {
            isa = PBXBuildFile;
            fileRef = '__PBXFileRef_Sources/Digest.swift';
        };
        '__src_cc_ref_Sources/FrontendMessage.swift' = {
            isa = PBXBuildFile;
            fileRef = '__PBXFileRef_Sources/FrontendMessage.swift';
        };
        '__src_cc_ref_Sources/main.swift' = {
            isa = PBXBuildFile;
            fileRef = '__PBXFileRef_Sources/main.swift';
        };
        '__src_cc_ref_Sources/NSData+Bytes.swift' = {
            isa = PBXBuildFile;
            fileRef = '__PBXFileRef_Sources/NSData+Bytes.swift';
        };
        '__src_cc_ref_Sources/PGType.swift' = {
            isa = PBXBuildFile;
            fileRef = '__PBXFileRef_Sources/PGType.swift';
        };
        '__src_cc_ref_Sources/QueryResult.swift' = {
            isa = PBXBuildFile;
            fileRef = '__PBXFileRef_Sources/QueryResult.swift';
        };
        ___LinkPhase_swift_pg = {
            isa = PBXFrameworksBuildPhase;
            files = (_LinkFileRef_CryptoEssentials_via_swift_pg, _LinkFileRef_MD5_via_swift_pg, _LinkFileRef_Socket_via_swift_pg);
            runOnlyForDeploymentPostprocessing = 0;
        };
        _LinkFileRef_CryptoEssentials_via_swift_pg = {
            isa = PBXBuildFile;
            fileRef = _____Product_CryptoEssentials;
        };
        _LinkFileRef_MD5_via_swift_pg = {
            isa = PBXBuildFile;
            fileRef = _____Product_MD5;
        };
        _LinkFileRef_Socket_via_swift_pg = {
            isa = PBXBuildFile;
            fileRef = _____Product_Socket;
        };
        _______Confs_swift_pg = {
            isa = XCConfigurationList;
            buildConfigurations = (___DebugConf_swift_pg, _ReleaseConf_swift_pg);
            defaultConfigurationIsVisible = 0;
            defaultConfigurationName = Debug;
        };
        ___DebugConf_swift_pg = {
            isa = XCBuildConfiguration;
            buildSettings = { LD_RUNPATH_SEARCH_PATHS = '$(TOOLCHAIN_DIR)/usr/lib/swift/macosx @executable_path'; FRAMEWORK_SEARCH_PATHS = '$(PLATFORM_DIR)/Developer/Library/Frameworks'; OTHER_SWIFT_FLAGS = '$(inherited)'; SWIFT_FORCE_STATIC_LINK_STDLIB = 'NO'; SWIFT_FORCE_DYNAMIC_LINK_STDLIB = 'YES'; SWIFT_OPTIMIZATION_LEVEL = '-Onone'; OTHER_LDFLAGS = '$(inherited)'; };
            name = Debug;
        };
        _ReleaseConf_swift_pg = {
            isa = XCBuildConfiguration;
            buildSettings = { OTHER_SWIFT_FLAGS = '$(inherited)'; LD_RUNPATH_SEARCH_PATHS = '$(TOOLCHAIN_DIR)/usr/lib/swift/macosx @executable_path'; FRAMEWORK_SEARCH_PATHS = '$(PLATFORM_DIR)/Developer/Library/Frameworks'; SWIFT_FORCE_STATIC_LINK_STDLIB = 'NO'; SWIFT_FORCE_DYNAMIC_LINK_STDLIB = 'YES'; OTHER_LDFLAGS = '$(inherited)'; };
            name = Release;
        };
        __Dependency_swift_pg = {
            isa = PBXTargetDependency;
            target = ______Target_swift_pg;
        };
        '__PBXFileRef_swift-pg.xcodeproj/Configs/Project.xcconfig' = {
            isa = PBXFileReference;
            lastKnownFileType = text.xcconfig;
            name = 'Project.xcconfig';
            path = 'swift-pg.xcodeproj/Configs/Project.xcconfig';
            sourceTree = '<group>';
        };
        _____Configs_ = {
            isa = PBXGroup;
            children = ('__PBXFileRef_swift-pg.xcodeproj/Configs/Project.xcconfig');
            name = Configs;
            sourceTree = '<group>';
        };
        _____Sources_ = {
            isa = PBXGroup;
            children = (_______Group_Socket, _______Group_CryptoEssentials, _______Group_MD5, _______Group_swift_pg);
            name = Sources;
            sourceTree = '<group>';
        };
        Dependencies_ = {
            isa = PBXGroup;
            children = (_______Group_Socket, _______Group_CryptoEssentials, _______Group_MD5);
            name = Dependencies;
            sourceTree = '<group>';
        };
        ____Products_ = {
            isa = PBXGroup;
            children = (_____Product_Socket, _____Product_CryptoEssentials, _____Product_MD5, _____Product_swift_pg);
            name = Products;
            sourceTree = '<group>';
        };
        _______Debug_ = {
            isa = XCBuildConfiguration;
            baseConfigurationReference = '__PBXFileRef_swift-pg.xcodeproj/Configs/Project.xcconfig';
            buildSettings = {};
            name = Debug;
        };
        _____Release_ = {
            isa = XCBuildConfiguration;
            baseConfigurationReference = '__PBXFileRef_swift-pg.xcodeproj/Configs/Project.xcconfig';
            buildSettings = {};
            name = Release;
        };
        ___RootConfs_ = {
            isa = XCConfigurationList;
            buildConfigurations = (_______Debug_, _____Release_);
            defaultConfigurationIsVisible = 0;
            defaultConfigurationName = Debug;
        };
    };
}
